PODS:
  - SAJsonParser (1.3.2)
  - SAModelSpace (0.4.7):
    - SAJsonParser (= 1.3.2)
    - SAUtils (= 1.5.0)
  - SANetworking (0.2.9)
  - SAUtils (1.5.0)
  - SAVASTParser (1.6.7):
    - SAModelSpace (= 0.4.7)
    - SANetworking (= 0.2.9)
    - SAUtils (= 1.5.0)
  - SAVideoPlayer (1.2.1)

DEPENDENCIES:
  - SAVASTParser (from `../`)
  - SAVideoPlayer

EXTERNAL SOURCES:
  SAVASTParser:
    :path: ../

SPEC CHECKSUMS:
  SAJsonParser: d0db6d8c737c04f8bf4e9474e82825347aa24f58
  SAModelSpace: c0fceb7fdbc51bf3455864a9e73496630d801223
  SANetworking: 40e2a8ffd5c680be57dfd91426f3c74933ad1d80
  SAUtils: 1e8b881ca8c7fac2749c8fd9b851f0b344611035
  SAVASTParser: 386f4aa8a0018f38eadf86915bb9056532b1ced0
  SAVideoPlayer: ca3a28494337373e18cd00b51ada7549c701b579

PODFILE CHECKSUM: a1fe3b991a74b09bb2dcf7c66be3890b295b0604

COCOAPODS: 1.2.0.beta.1
